
Microsoft Visual Studio Solution File, Format Version 12.00
# Visual Studio Version 17
VisualStudioVersion = 17.3.32825.248
MinimumVisualStudioVersion = 10.0.40219.1
Project("{FAE04EC0-301F-11D3-BF4B-00C04F79EFBC}") = "WinFormsApp3", "WinFormsApp3\WinFormsApp3.csproj", "{7D41130B-C0CD-43F1-A167-5ACFD6A512CA}"
EndProject
Global
	GlobalSection(SolutionConfigurationPlatforms) = preSolution
		Debug|Any CPU = Debug|Any CPU
		Release|Any CPU = Release|Any CPU
	EndGlobalSection
	GlobalSection(ProjectConfigurationPlatforms) = postSolution
		{7D41130B-C0CD-43F1-A167-5ACFD6A512CA}.Debug|Any CPU.ActiveCfg = Debug|Any CPU
		{7D41130B-C0CD-43F1-A167-5ACFD6A512CA}.Debug|Any CPU.Build.0 = Debug|Any CPU
		{7D41130B-C0CD-43F1-A167-5ACFD6A512CA}.Release|Any CPU.ActiveCfg = Release|Any CPU
		{7D41130B-C0CD-43F1-A167-5ACFD6A512CA}.Release|Any CPU.Build.0 = Release|Any CPU
	EndGlobalSection
	GlobalSection(SolutionProperties) = preSolution
		HideSolutionNode = FALSE
	EndGlobalSection
	GlobalSection(ExtensibilityGlobals) = postSolution
		SolutionGuid = {3D297334-3867-415D-9F08-D4BA6BE61B54}
	EndGlobalSection
EndGlobal
